
Microsoft Visual Studio Solution File, Format Version 12.00
# Visual Studio Version 17
VisualStudioVersion = 17.3.32825.248
MinimumVisualStudioVersion = 10.0.40219.1
Project("{FAE04EC0-301F-11D3-BF4B-00C04F79EFBC}") = "Taller 5 Servidor", "Taller 5 Servidor.csproj", "{B0CC1DD7-BEDC-490F-B3D3-30ABAF768F22}"
EndProject
Global
	GlobalSection(SolutionConfigurationPlatforms) = preSolution
		Debug|Any CPU = Debug|Any CPU
		Release|Any CPU = Release|Any CPU
	EndGlobalSection
	GlobalSection(ProjectConfigurationPlatforms) = postSolution
		{B0CC1DD7-BEDC-490F-B3D3-30ABAF768F22}.Debug|Any CPU.ActiveCfg = Debug|Any CPU
		{B0CC1DD7-BEDC-490F-B3D3-30ABAF768F22}.Debug|Any CPU.Build.0 = Debug|Any CPU
		{B0CC1DD7-BEDC-490F-B3D3-30ABAF768F22}.Release|Any CPU.ActiveCfg = Release|Any CPU
		{B0CC1DD7-BEDC-490F-B3D3-30ABAF768F22}.Release|Any CPU.Build.0 = Release|Any CPU
	EndGlobalSection
	GlobalSection(SolutionProperties) = preSolution
		HideSolutionNode = FALSE
	EndGlobalSection
	GlobalSection(ExtensibilityGlobals) = postSolution
		SolutionGuid = {B087B818-74F0-4A49-A8F5-C057C11F32C9}
	EndGlobalSection
EndGlobal
